
Microsoft Visual Studio Solution File, Format Version 12.00
# Visual Studio Version 17
VisualStudioVersion = 17.9.34728.123
MinimumVisualStudioVersion = 10.0.40219.1
Project("{FAE04EC0-301F-11D3-BF4B-00C04F79EFBC}") = "WebApi", "WebApi.csproj", "{B92F12B5-23BE-490B-8C26-4C87757FB71F}"
EndProject
Global
	GlobalSection(SolutionConfigurationPlatforms) = preSolution
		Debug|Any CPU = Debug|Any CPU
		Release|Any CPU = Release|Any CPU
	EndGlobalSection
	GlobalSection(ProjectConfigurationPlatforms) = postSolution
		{B92F12B5-23BE-490B-8C26-4C87757FB71F}.Debug|Any CPU.ActiveCfg = Debug|Any CPU
		{B92F12B5-23BE-490B-8C26-4C87757FB71F}.Debug|Any CPU.Build.0 = Debug|Any CPU
		{B92F12B5-23BE-490B-8C26-4C87757FB71F}.Release|Any CPU.ActiveCfg = Release|Any CPU
		{B92F12B5-23BE-490B-8C26-4C87757FB71F}.Release|Any CPU.Build.0 = Release|Any CPU
	EndGlobalSection
	GlobalSection(SolutionProperties) = preSolution
		HideSolutionNode = FALSE
	EndGlobalSection
	GlobalSection(ExtensibilityGlobals) = postSolution
		SolutionGuid = {A983851A-9282-4CB8-A252-6507673DF87D}
	EndGlobalSection
EndGlobal
